# THIS IS AN AUTOGENERATED FILE. DO NOT EDIT THIS FILE DIRECTLY.
# yarn lockfile v1


cfn-response-async@^1.0.0:
  version "1.0.0"
  resolved "https://registry.yarnpkg.com/cfn-response-async/-/cfn-response-async-1.0.0.tgz#92cfe1756413a0cce9b50e86e1f5519951d18989"
  integrity sha512-/uSeKzALcu0SDieUwu9LwqxTYX4IpX3JAyNAfQ6menx7Y2FfERAUw884Qk4/o+KYZNsaPXjFaEwGHsyrQP/FJA==
