# THIS IS AN AUTOGENERATED FILE. DO NOT EDIT THIS FILE DIRECTLY.
# yarn lockfile v1


"@stratiformdigital/serverless-s3-security-helper@^4.0.0":
  version "4.0.0"
  resolved "https://registry.yarnpkg.com/@stratiformdigital/serverless-s3-security-helper/-/serverless-s3-security-helper-4.0.0.tgz#de160cd1e8334e5858d40891ecb91f1496528edd"
  integrity sha512-xF7wtJf4ic1ekNQnb15rWs5KtsqfGQucFmu+37uCcO2NO/P7tqZRZY351wfJW3xgUGFMVihXr3LwdT44r7rTUg==
  dependencies:
    lodash "^4.17.21"

lodash@^4.17.21:
  version "4.17.21"
  resolved "https://registry.yarnpkg.com/lodash/-/lodash-4.17.21.tgz#679591c564c3bffaae8454cf0b3df370c3d6911c"
  integrity sha512-v2kDEe57lecTulaDIuNTPy3Ry4gLGJ6Z1O3vE1krgXZNrsQ+LFTGHVxVjcXPs17LhbZVGedAJv8XZ1tvj5FvSg==

serverless-stack-termination-protection@^2.0.2:
  version "2.0.2"
  resolved "https://registry.yarnpkg.com/serverless-stack-termination-protection/-/serverless-stack-termination-protection-2.0.2.tgz#f56d61e745fd346daf3b49612a4751f63a84b97e"
  integrity sha512-pPUVJmH5if8A12KVSTMqNjo7u8rfW0/vJO+UFp19lvkY0t8jfoO3R3DySwTDVcB+jzaCrU/NyEHPtbiDLVjSSw==
